
Microsoft Visual Studio Solution File, Format Version 12.00
# Visual Studio Version 16
VisualStudioVersion = 16.0.30611.23
MinimumVisualStudioVersion = 10.0.40219.1
Project("{8BC9CEB8-8B4A-11D0-8D11-00A0C91BC942}") = "HolaMundo", "HolaMundo\HolaMundo.vcxproj", "{36530CAF-48C3-4F86-834B-8E41CA26D51F}"
EndProject
Project("{2150E333-8FDC-42A3-9474-1A3956D46DE8}") = "Semana1", "Semana1", "{2876A9D4-C535-4935-BC8F-8D950C845C0F}"
EndProject
Project("{2150E333-8FDC-42A3-9474-1A3956D46DE8}") = "Semana3", "Semana3", "{AE412837-FC2F-499A-8D53-2924E473F4A9}"
EndProject
Project("{8BC9CEB8-8B4A-11D0-8D11-00A0C91BC942}") = "ejemploSobrecargaOperadores", "ejemploSobrecargaOperadores\ejemploSobrecargaOperadores.vcxproj", "{E759F8E9-43B2-4B05-A85D-EBFA0B9AC3BC}"
EndProject
Project("{8BC9CEB8-8B4A-11D0-8D11-00A0C91BC942}") = "ejercicioCuentas", "ejercicioCuentas\ejercicioCuentas.vcxproj", "{03ED369F-F7D1-4C85-B17B-CEA1C5074EF9}"
EndProject
Project("{2150E333-8FDC-42A3-9474-1A3956D46DE8}") = "Semana5", "Semana5", "{438A6F51-765E-4280-9E13-26A15EB07EAA}"
EndProject
Project("{8BC9CEB8-8B4A-11D0-8D11-00A0C91BC942}") = "ProyectoTron", "ProyectoTron\ProyectoTron.vcxproj", "{3AD40530-2D05-4296-ADFA-0944FE2E8AD6}"
EndProject
Project("{2150E333-8FDC-42A3-9474-1A3956D46DE8}") = "Semana4", "Semana4", "{5F641DC7-C255-4481-AC25-F4BDC6BBEC27}"
EndProject
Project("{8BC9CEB8-8B4A-11D0-8D11-00A0C91BC942}") = "ejemploPolimorfismo", "ejemploPolimorfismo\ejemploPolimorfismo.vcxproj", "{DB467BBD-6558-467D-86F8-679BF8B59110}"
EndProject
Project("{8BC9CEB8-8B4A-11D0-8D11-00A0C91BC942}") = "ejemploCadena", "ejemploCadena\ejemploCadena.vcxproj", "{EF6FCF8D-C8BD-4DC6-9F92-A1F977ACC4AD}"
EndProject
Project("{8BC9CEB8-8B4A-11D0-8D11-00A0C91BC942}") = "ejercicioCadenas", "ejercicioCadenas\ejercicioCadenas.vcxproj", "{7986A3A8-A1AA-4A8C-8220-245DFB7330EA}"
EndProject
Project("{2150E333-8FDC-42A3-9474-1A3956D46DE8}") = "ExamenP1", "ExamenP1", "{97D878D0-4924-4E66-AAB3-05E795539C2B}"
EndProject
Project("{8BC9CEB8-8B4A-11D0-8D11-00A0C91BC942}") = "examenParcial1", "examenParcial1\examenParcial1.vcxproj", "{DA733BD9-3F44-4EB3-AFFB-539539EEBD0C}"
EndProject
Project("{8BC9CEB8-8B4A-11D0-8D11-00A0C91BC942}") = "examenClaseP1", "examenClaseP1\examenClaseP1.vcxproj", "{066A1D2F-DED3-4545-8286-9690761FF6BE}"
EndProject
Global
	GlobalSection(SolutionConfigurationPlatforms) = preSolution
		Debug|x64 = Debug|x64
		Debug|x86 = Debug|x86
		Release|x64 = Release|x64
		Release|x86 = Release|x86
	EndGlobalSection
	GlobalSection(ProjectConfigurationPlatforms) = postSolution
		{36530CAF-48C3-4F86-834B-8E41CA26D51F}.Debug|x64.ActiveCfg = Debug|x64
		{36530CAF-48C3-4F86-834B-8E41CA26D51F}.Debug|x64.Build.0 = Debug|x64
		{36530CAF-48C3-4F86-834B-8E41CA26D51F}.Debug|x86.ActiveCfg = Debug|Win32
		{36530CAF-48C3-4F86-834B-8E41CA26D51F}.Debug|x86.Build.0 = Debug|Win32
		{36530CAF-48C3-4F86-834B-8E41CA26D51F}.Release|x64.ActiveCfg = Release|x64
		{36530CAF-48C3-4F86-834B-8E41CA26D51F}.Release|x64.Build.0 = Release|x64
		{36530CAF-48C3-4F86-834B-8E41CA26D51F}.Release|x86.ActiveCfg = Release|Win32
		{36530CAF-48C3-4F86-834B-8E41CA26D51F}.Release|x86.Build.0 = Release|Win32
		{E759F8E9-43B2-4B05-A85D-EBFA0B9AC3BC}.Debug|x64.ActiveCfg = Debug|x64
		{E759F8E9-43B2-4B05-A85D-EBFA0B9AC3BC}.Debug|x64.Build.0 = Debug|x64
		{E759F8E9-43B2-4B05-A85D-EBFA0B9AC3BC}.Debug|x86.ActiveCfg = Debug|Win32
		{E759F8E9-43B2-4B05-A85D-EBFA0B9AC3BC}.Debug|x86.Build.0 = Debug|Win32
		{E759F8E9-43B2-4B05-A85D-EBFA0B9AC3BC}.Release|x64.ActiveCfg = Release|x64
		{E759F8E9-43B2-4B05-A85D-EBFA0B9AC3BC}.Release|x64.Build.0 = Release|x64
		{E759F8E9-43B2-4B05-A85D-EBFA0B9AC3BC}.Release|x86.ActiveCfg = Release|Win32
		{E759F8E9-43B2-4B05-A85D-EBFA0B9AC3BC}.Release|x86.Build.0 = Release|Win32
		{03ED369F-F7D1-4C85-B17B-CEA1C5074EF9}.Debug|x64.ActiveCfg = Debug|x64
		{03ED369F-F7D1-4C85-B17B-CEA1C5074EF9}.Debug|x64.Build.0 = Debug|x64
		{03ED369F-F7D1-4C85-B17B-CEA1C5074EF9}.Debug|x86.ActiveCfg = Debug|Win32
		{03ED369F-F7D1-4C85-B17B-CEA1C5074EF9}.Debug|x86.Build.0 = Debug|Win32
		{03ED369F-F7D1-4C85-B17B-CEA1C5074EF9}.Release|x64.ActiveCfg = Release|x64
		{03ED369F-F7D1-4C85-B17B-CEA1C5074EF9}.Release|x64.Build.0 = Release|x64
		{03ED369F-F7D1-4C85-B17B-CEA1C5074EF9}.Release|x86.ActiveCfg = Release|Win32
		{03ED369F-F7D1-4C85-B17B-CEA1C5074EF9}.Release|x86.Build.0 = Release|Win32
		{3AD40530-2D05-4296-ADFA-0944FE2E8AD6}.Debug|x64.ActiveCfg = Debug|x64
		{3AD40530-2D05-4296-ADFA-0944FE2E8AD6}.Debug|x64.Build.0 = Debug|x64
		{3AD40530-2D05-4296-ADFA-0944FE2E8AD6}.Debug|x86.ActiveCfg = Debug|Win32
		{3AD40530-2D05-4296-ADFA-0944FE2E8AD6}.Debug|x86.Build.0 = Debug|Win32
		{3AD40530-2D05-4296-ADFA-0944FE2E8AD6}.Release|x64.ActiveCfg = Release|x64
		{3AD40530-2D05-4296-ADFA-0944FE2E8AD6}.Release|x64.Build.0 = Release|x64
		{3AD40530-2D05-4296-ADFA-0944FE2E8AD6}.Release|x86.ActiveCfg = Release|Win32
		{3AD40530-2D05-4296-ADFA-0944FE2E8AD6}.Release|x86.Build.0 = Release|Win32
		{DB467BBD-6558-467D-86F8-679BF8B59110}.Debug|x64.ActiveCfg = Debug|x64
		{DB467BBD-6558-467D-86F8-679BF8B59110}.Debug|x64.Build.0 = Debug|x64
		{DB467BBD-6558-467D-86F8-679BF8B59110}.Debug|x86.ActiveCfg = Debug|Win32
		{DB467BBD-6558-467D-86F8-679BF8B59110}.Debug|x86.Build.0 = Debug|Win32
		{DB467BBD-6558-467D-86F8-679BF8B59110}.Release|x64.ActiveCfg = Release|x64
		{DB467BBD-6558-467D-86F8-679BF8B59110}.Release|x64.Build.0 = Release|x64
		{DB467BBD-6558-467D-86F8-679BF8B59110}.Release|x86.ActiveCfg = Release|Win32
		{DB467BBD-6558-467D-86F8-679BF8B59110}.Release|x86.Build.0 = Release|Win32
		{EF6FCF8D-C8BD-4DC6-9F92-A1F977ACC4AD}.Debug|x64.ActiveCfg = Debug|x64
		{EF6FCF8D-C8BD-4DC6-9F92-A1F977ACC4AD}.Debug|x64.Build.0 = Debug|x64
		{EF6FCF8D-C8BD-4DC6-9F92-A1F977ACC4AD}.Debug|x86.ActiveCfg = Debug|Win32
		{EF6FCF8D-C8BD-4DC6-9F92-A1F977ACC4AD}.Debug|x86.Build.0 = Debug|Win32
		{EF6FCF8D-C8BD-4DC6-9F92-A1F977ACC4AD}.Release|x64.ActiveCfg = Release|x64
		{EF6FCF8D-C8BD-4DC6-9F92-A1F977ACC4AD}.Release|x64.Build.0 = Release|x64
		{EF6FCF8D-C8BD-4DC6-9F92-A1F977ACC4AD}.Release|x86.ActiveCfg = Release|Win32
		{EF6FCF8D-C8BD-4DC6-9F92-A1F977ACC4AD}.Release|x86.Build.0 = Release|Win32
		{7986A3A8-A1AA-4A8C-8220-245DFB7330EA}.Debug|x64.ActiveCfg = Debug|x64
		{7986A3A8-A1AA-4A8C-8220-245DFB7330EA}.Debug|x64.Build.0 = Debug|x64
		{7986A3A8-A1AA-4A8C-8220-245DFB7330EA}.Debug|x86.ActiveCfg = Debug|Win32
		{7986A3A8-A1AA-4A8C-8220-245DFB7330EA}.Debug|x86.Build.0 = Debug|Win32
		{7986A3A8-A1AA-4A8C-8220-245DFB7330EA}.Release|x64.ActiveCfg = Release|x64
		{7986A3A8-A1AA-4A8C-8220-245DFB7330EA}.Release|x64.Build.0 = Release|x64
		{7986A3A8-A1AA-4A8C-8220-245DFB7330EA}.Release|x86.ActiveCfg = Release|Win32
		{7986A3A8-A1AA-4A8C-8220-245DFB7330EA}.Release|x86.Build.0 = Release|Win32
		{DA733BD9-3F44-4EB3-AFFB-539539EEBD0C}.Debug|x64.ActiveCfg = Debug|x64
		{DA733BD9-3F44-4EB3-AFFB-539539EEBD0C}.Debug|x64.Build.0 = Debug|x64
		{DA733BD9-3F44-4EB3-AFFB-539539EEBD0C}.Debug|x86.ActiveCfg = Debug|Win32
		{DA733BD9-3F44-4EB3-AFFB-539539EEBD0C}.Debug|x86.Build.0 = Debug|Win32
		{DA733BD9-3F44-4EB3-AFFB-539539EEBD0C}.Release|x64.ActiveCfg = Release|x64
		{DA733BD9-3F44-4EB3-AFFB-539539EEBD0C}.Release|x64.Build.0 = Release|x64
		{DA733BD9-3F44-4EB3-AFFB-539539EEBD0C}.Release|x86.ActiveCfg = Release|Win32
		{DA733BD9-3F44-4EB3-AFFB-539539EEBD0C}.Release|x86.Build.0 = Release|Win32
		{066A1D2F-DED3-4545-8286-9690761FF6BE}.Debug|x64.ActiveCfg = Debug|x64
		{066A1D2F-DED3-4545-8286-9690761FF6BE}.Debug|x64.Build.0 = Debug|x64
		{066A1D2F-DED3-4545-8286-9690761FF6BE}.Debug|x86.ActiveCfg = Debug|Win32
		{066A1D2F-DED3-4545-8286-9690761FF6BE}.Debug|x86.Build.0 = Debug|Win32
		{066A1D2F-DED3-4545-8286-9690761FF6BE}.Release|x64.ActiveCfg = Release|x64
		{066A1D2F-DED3-4545-8286-9690761FF6BE}.Release|x64.Build.0 = Release|x64
		{066A1D2F-DED3-4545-8286-9690761FF6BE}.Release|x86.ActiveCfg = Release|Win32
		{066A1D2F-DED3-4545-8286-9690761FF6BE}.Release|x86.Build.0 = Release|Win32
	EndGlobalSection
	GlobalSection(SolutionProperties) = preSolution
		HideSolutionNode = FALSE
	EndGlobalSection
	GlobalSection(NestedProjects) = preSolution
		{36530CAF-48C3-4F86-834B-8E41CA26D51F} = {2876A9D4-C535-4935-BC8F-8D950C845C0F}
		{E759F8E9-43B2-4B05-A85D-EBFA0B9AC3BC} = {AE412837-FC2F-499A-8D53-2924E473F4A9}
		{03ED369F-F7D1-4C85-B17B-CEA1C5074EF9} = {AE412837-FC2F-499A-8D53-2924E473F4A9}
		{3AD40530-2D05-4296-ADFA-0944FE2E8AD6} = {438A6F51-765E-4280-9E13-26A15EB07EAA}
		{DB467BBD-6558-467D-86F8-679BF8B59110} = {5F641DC7-C255-4481-AC25-F4BDC6BBEC27}
		{EF6FCF8D-C8BD-4DC6-9F92-A1F977ACC4AD} = {438A6F51-765E-4280-9E13-26A15EB07EAA}
		{7986A3A8-A1AA-4A8C-8220-245DFB7330EA} = {438A6F51-765E-4280-9E13-26A15EB07EAA}
		{DA733BD9-3F44-4EB3-AFFB-539539EEBD0C} = {97D878D0-4924-4E66-AAB3-05E795539C2B}
		{066A1D2F-DED3-4545-8286-9690761FF6BE} = {97D878D0-4924-4E66-AAB3-05E795539C2B}
	EndGlobalSection
	GlobalSection(ExtensibilityGlobals) = postSolution
		SolutionGuid = {67ECA164-35E0-4724-8BA6-BD7627484482}
	EndGlobalSection
EndGlobal
